
Microsoft Visual Studio Solution File, Format Version 12.00
# Visual Studio Version 17
VisualStudioVersion = 17.14.36908.2
MinimumVisualStudioVersion = 10.0.40219.1
Project("{8BC9CEB8-8B4A-11D0-8D11-00A0C91BC942}") = "Question04_02", "Question04_02.vcxproj", "{57A91451-A334-4A6B-A0C6-6573035EEE2E}"
EndProject
Project("{8BC9CEB8-8B4A-11D0-8D11-00A0C91BC942}") = "Question04_08", "..\Question04_08\Question04_08.vcxproj", "{E45FB090-0D29-4947-ADE8-1FEF48D26890}"
EndProject
Project("{8BC9CEB8-8B4A-11D0-8D11-00A0C91BC942}") = "Question04_10", "..\Question04_10\Question04_10.vcxproj", "{D2D57E6F-B153-4BF1-8C7C-353538680F84}"
EndProject
Project("{8BC9CEB8-8B4A-11D0-8D11-00A0C91BC942}") = "Question05_01", "..\Question05_01\Question05_01.vcxproj", "{E29A5B4B-A295-49BE-BD10-B1B453486CF4}"
EndProject
Project("{8BC9CEB8-8B4A-11D0-8D11-00A0C91BC942}") = "Question05_05", "..\Question05_05\Question05_05.vcxproj", "{E37A6544-D10C-4367-9AFC-AA8EA3D97BFB}"
EndProject
Project("{8BC9CEB8-8B4A-11D0-8D11-00A0C91BC942}") = "Question05_07", "..\Question05_07\Question05_07.vcxproj", "{1E0BC2DC-B7BC-4B14-8BEA-F2EA57C96CE2}"
EndProject
Project("{8BC9CEB8-8B4A-11D0-8D11-00A0C91BC942}") = "Question06_01", "..\Question06_01\Question06_01.vcxproj", "{D6C1DDB8-640D-4580-B359-4760E909358D}"
EndProject
Project("{8BC9CEB8-8B4A-11D0-8D11-00A0C91BC942}") = "Question05_03", "..\Question05_03\Question05_03.vcxproj", "{46B08908-E195-4DD5-9B90-903E113A0DD1}"
EndProject
Global
	GlobalSection(SolutionConfigurationPlatforms) = preSolution
		Debug|x64 = Debug|x64
		Debug|x86 = Debug|x86
		Release|x64 = Release|x64
		Release|x86 = Release|x86
	EndGlobalSection
	GlobalSection(ProjectConfigurationPlatforms) = postSolution
		{57A91451-A334-4A6B-A0C6-6573035EEE2E}.Debug|x64.ActiveCfg = Debug|x64
		{57A91451-A334-4A6B-A0C6-6573035EEE2E}.Debug|x64.Build.0 = Debug|x64
		{57A91451-A334-4A6B-A0C6-6573035EEE2E}.Debug|x86.ActiveCfg = Debug|Win32
		{57A91451-A334-4A6B-A0C6-6573035EEE2E}.Debug|x86.Build.0 = Debug|Win32
		{57A91451-A334-4A6B-A0C6-6573035EEE2E}.Release|x64.ActiveCfg = Release|x64
		{57A91451-A334-4A6B-A0C6-6573035EEE2E}.Release|x64.Build.0 = Release|x64
		{57A91451-A334-4A6B-A0C6-6573035EEE2E}.Release|x86.ActiveCfg = Release|Win32
		{57A91451-A334-4A6B-A0C6-6573035EEE2E}.Release|x86.Build.0 = Release|Win32
		{E45FB090-0D29-4947-ADE8-1FEF48D26890}.Debug|x64.ActiveCfg = Debug|x64
		{E45FB090-0D29-4947-ADE8-1FEF48D26890}.Debug|x64.Build.0 = Debug|x64
		{E45FB090-0D29-4947-ADE8-1FEF48D26890}.Debug|x86.ActiveCfg = Debug|Win32
		{E45FB090-0D29-4947-ADE8-1FEF48D26890}.Debug|x86.Build.0 = Debug|Win32
		{E45FB090-0D29-4947-ADE8-1FEF48D26890}.Release|x64.ActiveCfg = Release|x64
		{E45FB090-0D29-4947-ADE8-1FEF48D26890}.Release|x64.Build.0 = Release|x64
		{E45FB090-0D29-4947-ADE8-1FEF48D26890}.Release|x86.ActiveCfg = Release|Win32
		{E45FB090-0D29-4947-ADE8-1FEF48D26890}.Release|x86.Build.0 = Release|Win32
		{D2D57E6F-B153-4BF1-8C7C-353538680F84}.Debug|x64.ActiveCfg = Debug|x64
		{D2D57E6F-B153-4BF1-8C7C-353538680F84}.Debug|x64.Build.0 = Debug|x64
		{D2D57E6F-B153-4BF1-8C7C-353538680F84}.Debug|x86.ActiveCfg = Debug|Win32
		{D2D57E6F-B153-4BF1-8C7C-353538680F84}.Debug|x86.Build.0 = Debug|Win32
		{D2D57E6F-B153-4BF1-8C7C-353538680F84}.Release|x64.ActiveCfg = Release|x64
		{D2D57E6F-B153-4BF1-8C7C-353538680F84}.Release|x64.Build.0 = Release|x64
		{D2D57E6F-B153-4BF1-8C7C-353538680F84}.Release|x86.ActiveCfg = Release|Win32
		{D2D57E6F-B153-4BF1-8C7C-353538680F84}.Release|x86.Build.0 = Release|Win32
		{E29A5B4B-A295-49BE-BD10-B1B453486CF4}.Debug|x64.ActiveCfg = Debug|x64
		{E29A5B4B-A295-49BE-BD10-B1B453486CF4}.Debug|x64.Build.0 = Debug|x64
		{E29A5B4B-A295-49BE-BD10-B1B453486CF4}.Debug|x86.ActiveCfg = Debug|Win32
		{E29A5B4B-A295-49BE-BD10-B1B453486CF4}.Debug|x86.Build.0 = Debug|Win32
		{E29A5B4B-A295-49BE-BD10-B1B453486CF4}.Release|x64.ActiveCfg = Release|x64
		{E29A5B4B-A295-49BE-BD10-B1B453486CF4}.Release|x64.Build.0 = Release|x64
		{E29A5B4B-A295-49BE-BD10-B1B453486CF4}.Release|x86.ActiveCfg = Release|Win32
		{E29A5B4B-A295-49BE-BD10-B1B453486CF4}.Release|x86.Build.0 = Release|Win32
		{E37A6544-D10C-4367-9AFC-AA8EA3D97BFB}.Debug|x64.ActiveCfg = Debug|x64
		{E37A6544-D10C-4367-9AFC-AA8EA3D97BFB}.Debug|x64.Build.0 = Debug|x64
		{E37A6544-D10C-4367-9AFC-AA8EA3D97BFB}.Debug|x86.ActiveCfg = Debug|Win32
		{E37A6544-D10C-4367-9AFC-AA8EA3D97BFB}.Debug|x86.Build.0 = Debug|Win32
		{E37A6544-D10C-4367-9AFC-AA8EA3D97BFB}.Release|x64.ActiveCfg = Release|x64
		{E37A6544-D10C-4367-9AFC-AA8EA3D97BFB}.Release|x64.Build.0 = Release|x64
		{E37A6544-D10C-4367-9AFC-AA8EA3D97BFB}.Release|x86.ActiveCfg = Release|Win32
		{E37A6544-D10C-4367-9AFC-AA8EA3D97BFB}.Release|x86.Build.0 = Release|Win32
		{1E0BC2DC-B7BC-4B14-8BEA-F2EA57C96CE2}.Debug|x64.ActiveCfg = Debug|x64
		{1E0BC2DC-B7BC-4B14-8BEA-F2EA57C96CE2}.Debug|x64.Build.0 = Debug|x64
		{1E0BC2DC-B7BC-4B14-8BEA-F2EA57C96CE2}.Debug|x86.ActiveCfg = Debug|Win32
		{1E0BC2DC-B7BC-4B14-8BEA-F2EA57C96CE2}.Debug|x86.Build.0 = Debug|Win32
		{1E0BC2DC-B7BC-4B14-8BEA-F2EA57C96CE2}.Release|x64.ActiveCfg = Release|x64
		{1E0BC2DC-B7BC-4B14-8BEA-F2EA57C96CE2}.Release|x64.Build.0 = Release|x64
		{1E0BC2DC-B7BC-4B14-8BEA-F2EA57C96CE2}.Release|x86.ActiveCfg = Release|Win32
		{1E0BC2DC-B7BC-4B14-8BEA-F2EA57C96CE2}.Release|x86.Build.0 = Release|Win32
		{D6C1DDB8-640D-4580-B359-4760E909358D}.Debug|x64.ActiveCfg = Debug|x64
		{D6C1DDB8-640D-4580-B359-4760E909358D}.Debug|x64.Build.0 = Debug|x64
		{D6C1DDB8-640D-4580-B359-4760E909358D}.Debug|x86.ActiveCfg = Debug|Win32
		{D6C1DDB8-640D-4580-B359-4760E909358D}.Debug|x86.Build.0 = Debug|Win32
		{D6C1DDB8-640D-4580-B359-4760E909358D}.Release|x64.ActiveCfg = Release|x64
		{D6C1DDB8-640D-4580-B359-4760E909358D}.Release|x64.Build.0 = Release|x64
		{D6C1DDB8-640D-4580-B359-4760E909358D}.Release|x86.ActiveCfg = Release|Win32
		{D6C1DDB8-640D-4580-B359-4760E909358D}.Release|x86.Build.0 = Release|Win32
		{46B08908-E195-4DD5-9B90-903E113A0DD1}.Debug|x64.ActiveCfg = Debug|x64
		{46B08908-E195-4DD5-9B90-903E113A0DD1}.Debug|x64.Build.0 = Debug|x64
		{46B08908-E195-4DD5-9B90-903E113A0DD1}.Debug|x86.ActiveCfg = Debug|Win32
		{46B08908-E195-4DD5-9B90-903E113A0DD1}.Debug|x86.Build.0 = Debug|Win32
		{46B08908-E195-4DD5-9B90-903E113A0DD1}.Release|x64.ActiveCfg = Release|x64
		{46B08908-E195-4DD5-9B90-903E113A0DD1}.Release|x64.Build.0 = Release|x64
		{46B08908-E195-4DD5-9B90-903E113A0DD1}.Release|x86.ActiveCfg = Release|Win32
		{46B08908-E195-4DD5-9B90-903E113A0DD1}.Release|x86.Build.0 = Release|Win32
	EndGlobalSection
	GlobalSection(SolutionProperties) = preSolution
		HideSolutionNode = FALSE
	EndGlobalSection
	GlobalSection(ExtensibilityGlobals) = postSolution
		SolutionGuid = {C539F4BD-8FCF-4679-BFEE-0C45251F0FD8}
	EndGlobalSection
EndGlobal
